// !$*UTF8*$!
{
	archiveVersion = 1;
	classes = {
	};
	objectVersion = 48;
	objects = {

/* Begin PBXBuildFile section */
		1001E6F720CEE0DD00445CB3 /* UIUtilities.swift in Sources */ = {isa = PBXBuildFile; fileRef = 1001E6F620CEE0DD00445CB3 /* UIUtilities.swift */; };
		1001E6F920CF021E00445CB3 /* CameraViewController.swift in Sources */ = {isa = PBXBuildFile; fileRef = 1001E6F820CF021E00445CB3 /* CameraViewController.swift */; };
		1001E6FD20CF0C8F00445CB3 /* Assets.xcassets in Resources */ = {isa = PBXBuildFile; fileRef = 1001E6FC20CF0C8F00445CB3 /* Assets.xcassets */; };
		10224B582087E43100A77316 /* ViewController.swift in Sources */ = {isa = PBXBuildFile; fileRef = 10224B572087E43100A77316 /* ViewController.swift */; };
		10224B762087E5A900A77316 /* grace_hopper.jpg in Resources */ = {isa = PBXBuildFile; fileRef = 10224B702087E5A900A77316 /* grace_hopper.jpg */; };
		1077670E210FBBB6007A19A7 /* liberty.jpg in Resources */ = {isa = PBXBuildFile; fileRef = 1077670D210FBBB6007A19A7 /* liberty.jpg */; };
		1BB7EC7226AB69660082BEE8 /* chinese_sparse.png in Resources */ = {isa = PBXBuildFile; fileRef = 1BB7EC6E26AB69650082BEE8 /* chinese_sparse.png */; };
		1BB7EC7426AB69660082BEE8 /* japanese_sparse.png in Resources */ = {isa = PBXBuildFile; fileRef = 1BB7EC6F26AB69650082BEE8 /* japanese_sparse.png */; };
		1BB7EC7626AB69660082BEE8 /* devanagari_sparse.png in Resources */ = {isa = PBXBuildFile; fileRef = 1BB7EC7026AB69650082BEE8 /* devanagari_sparse.png */; };
		1BB7EC7826AB69660082BEE8 /* korean_sparse.png in Resources */ = {isa = PBXBuildFile; fileRef = 1BB7EC7126AB69660082BEE8 /* korean_sparse.png */; };
		20269A06807C9CBABE1F4D3A /* Pods_VisionExample.framework in Frameworks */ = {isa = PBXBuildFile; fileRef = C25EAE90FFE27226E2CD7E4E /* Pods_VisionExample.framework */; };
		4ADD356323BAC29A001277A7 /* MLKitExtensions.swift in Sources */ = {isa = PBXBuildFile; fileRef = 10224B5B2087E49F00A77316 /* MLKitExtensions.swift */; };
		7202DC6920D0C1A300034C35 /* qr_code.jpg in Resources */ = {isa = PBXBuildFile; fileRef = 7202DC6420D0C1A300034C35 /* qr_code.jpg */; };
		7202DC6A20D0C1A300034C35 /* image_has_text.jpg in Resources */ = {isa = PBXBuildFile; fileRef = 7202DC6520D0C1A300034C35 /* image_has_text.jpg */; };
		7202DC6B20D0C1A300034C35 /* barcode_128.png in Resources */ = {isa = PBXBuildFile; fileRef = 7202DC6620D0C1A300034C35 /* barcode_128.png */; };
		7202DC6C20D0C1A300034C35 /* beach.jpg in Resources */ = {isa = PBXBuildFile; fileRef = 7202DC6720D0C1A300034C35 /* beach.jpg */; };
		A4F89299243BB4BF00B58767 /* bird.tflite in Resources */ = {isa = PBXBuildFile; fileRef = A4F89297243BB4BE00B58767 /* bird.tflite */; };
		A4F8929B243BB4BF00B58767 /* bird.jpg in Resources */ = {isa = PBXBuildFile; fileRef = A4F89298243BB4BF00B58767 /* bird.jpg */; };
		BB287B3920729CE90069707A /* AppDelegate.swift in Sources */ = {isa = PBXBuildFile; fileRef = BB287B3820729CE90069707A /* AppDelegate.swift */; };
		BB287B3E20729CE90069707A /* Main.storyboard in Resources */ = {isa = PBXBuildFile; fileRef = BB287B3C20729CE90069707A /* Main.storyboard */; };
/* End PBXBuildFile section */

/* Begin PBXFileReference section */
		1001E6F620CEE0DD00445CB3 /* UIUtilities.swift */ = {isa = PBXFileReference; lastKnownFileType = sourcecode.swift; path = UIUtilities.swift; sourceTree = "<group>"; };
		1001E6F820CF021E00445CB3 /* CameraViewController.swift */ = {isa = PBXFileReference; lastKnownFileType = sourcecode.swift; path = CameraViewController.swift; sourceTree = "<group>"; };
		1001E6FC20CF0C8F00445CB3 /* Assets.xcassets */ = {isa = PBXFileReference; lastKnownFileType = folder.assetcatalog; path = Assets.xcassets; sourceTree = "<group>"; };
		10224B572087E43100A77316 /* ViewController.swift */ = {isa = PBXFileReference; lastKnownFileType = sourcecode.swift; path = ViewController.swift; sourceTree = "<group>"; };
		10224B5B2087E49F00A77316 /* MLKitExtensions.swift */ = {isa = PBXFileReference; fileEncoding = 4; lastKnownFileType = sourcecode.swift; path = MLKitExtensions.swift; sourceTree = "<group>"; };
		10224B702087E5A900A77316 /* grace_hopper.jpg */ = {isa = PBXFileReference; lastKnownFileType = image.jpeg; name = grace_hopper.jpg; path = Resources/grace_hopper.jpg; sourceTree = "<group>"; };
		1077670D210FBBB6007A19A7 /* liberty.jpg */ = {isa = PBXFileReference; lastKnownFileType = image.jpeg; path = liberty.jpg; sourceTree = "<group>"; };
		1BB7EC6E26AB69650082BEE8 /* chinese_sparse.png */ = {isa = PBXFileReference; lastKnownFileType = image.png; name = chinese_sparse.png; path = Resources/chinese_sparse.png; sourceTree = "<group>"; };
		1BB7EC6F26AB69650082BEE8 /* japanese_sparse.png */ = {isa = PBXFileReference; lastKnownFileType = image.png; name = japanese_sparse.png; path = Resources/japanese_sparse.png; sourceTree = "<group>"; };
		1BB7EC7026AB69650082BEE8 /* devanagari_sparse.png */ = {isa = PBXFileReference; lastKnownFileType = image.png; name = devanagari_sparse.png; path = Resources/devanagari_sparse.png; sourceTree = "<group>"; };
		1BB7EC7126AB69660082BEE8 /* korean_sparse.png */ = {isa = PBXFileReference; lastKnownFileType = image.png; name = korean_sparse.png; path = Resources/korean_sparse.png; sourceTree = "<group>"; };
		7202DC6420D0C1A300034C35 /* qr_code.jpg */ = {isa = PBXFileReference; lastKnownFileType = image.jpeg; name = qr_code.jpg; path = Resources/qr_code.jpg; sourceTree = "<group>"; };
		7202DC6520D0C1A300034C35 /* image_has_text.jpg */ = {isa = PBXFileReference; lastKnownFileType = image.jpeg; name = image_has_text.jpg; path = Resources/image_has_text.jpg; sourceTree = "<group>"; };
		7202DC6620D0C1A300034C35 /* barcode_128.png */ = {isa = PBXFileReference; lastKnownFileType = image.png; name = barcode_128.png; path = Resources/barcode_128.png; sourceTree = "<group>"; };
		7202DC6720D0C1A300034C35 /* beach.jpg */ = {isa = PBXFileReference; lastKnownFileType = image.jpeg; name = beach.jpg; path = Resources/beach.jpg; sourceTree = "<group>"; };
		7BBAC73D8CF58FB0400FE59B /* Pods_VisionExampleObjC.framework */ = {isa = PBXFileReference; explicitFileType = wrapper.framework; includeInIndex = 0; path = Pods_VisionExampleObjC.framework; sourceTree = BUILT_PRODUCTS_DIR; };
		A4F89297243BB4BE00B58767 /* bird.tflite */ = {isa = PBXFileReference; lastKnownFileType = file; name = bird.tflite; path = Resources/bird.tflite; sourceTree = "<group>"; };
		A4F89298243BB4BF00B58767 /* bird.jpg */ = {isa = PBXFileReference; lastKnownFileType = image.jpeg; name = bird.jpg; path = Resources/bird.jpg; sourceTree = "<group>"; };
		B6267F5BABAADA8AB0DEE62C /* Pods-VisionExampleObjC.release.xcconfig */ = {isa = PBXFileReference; includeInIndex = 1; lastKnownFileType = text.xcconfig; name = "Pods-VisionExampleObjC.release.xcconfig"; path = "Target Support Files/Pods-VisionExampleObjC/Pods-VisionExampleObjC.release.xcconfig"; sourceTree = "<group>"; };
		B81424B117714F4BCFA30E73 /* Pods-VisionExample.debug.xcconfig */ = {isa = PBXFileReference; includeInIndex = 1; lastKnownFileType = text.xcconfig; name = "Pods-VisionExample.debug.xcconfig"; path = "Target Support Files/Pods-VisionExample/Pods-VisionExample.debug.xcconfig"; sourceTree = "<group>"; };
		BB287B3520729CE90069707A /* VisionExample.app */ = {isa = PBXFileReference; explicitFileType = wrapper.application; includeInIndex = 0; path = VisionExample.app; sourceTree = BUILT_PRODUCTS_DIR; };
		BB287B3820729CE90069707A /* AppDelegate.swift */ = {isa = PBXFileReference; lastKnownFileType = sourcecode.swift; path = AppDelegate.swift; sourceTree = "<group>"; };
		BB287B3D20729CE90069707A /* Base */ = {isa = PBXFileReference; lastKnownFileType = file.storyboard; name = Base; path = Base.lproj/Main.storyboard; sourceTree = "<group>"; };
		BB287B4420729CE90069707A /* Info.plist */ = {isa = PBXFileReference; lastKnownFileType = text.plist.xml; path = Info.plist; sourceTree = "<group>"; };
		C15BD016A2B54C15AE3D655A /* Pods-VisionExample.release.xcconfig */ = {isa = PBXFileReference; includeInIndex = 1; lastKnownFileType = text.xcconfig; name = "Pods-VisionExample.release.xcconfig"; path = "Target Support Files/Pods-VisionExample/Pods-VisionExample.release.xcconfig"; sourceTree = "<group>"; };
		C25EAE90FFE27226E2CD7E4E /* Pods_VisionExample.framework */ = {isa = PBXFileReference; explicitFileType = wrapper.framework; includeInIndex = 0; path = Pods_VisionExample.framework; sourceTree = BUILT_PRODUCTS_DIR; };
		EF2042466DEC0917D8D0A440 /* Pods-VisionExampleObjC.debug.xcconfig */ = {isa = PBXFileReference; includeInIndex = 1; lastKnownFileType = text.xcconfig; name = "Pods-VisionExampleObjC.debug.xcconfig"; path = "Target Support Files/Pods-VisionExampleObjC/Pods-VisionExampleObjC.debug.xcconfig"; sourceTree = "<group>"; };
/* End PBXFileReference section */

/* Begin PBXFrameworksBuildPhase section */
		BB287B3220729CE90069707A /* Frameworks */ = {
			isa = PBXFrameworksBuildPhase;
			buildActionMask = 2147483647;
			files = (
				20269A06807C9CBABE1F4D3A /* Pods_VisionExample.framework in Frameworks */,
			);
			runOnlyForDeploymentPostprocessing = 0;
		};
/* End PBXFrameworksBuildPhase section */

/* Begin PBXGroup section */
		10224B642087E52600A77316 /* Resources */ = {
			isa = PBXGroup;
			children = (
				1BB7EC6E26AB69650082BEE8 /* chinese_sparse.png */,
				1BB7EC7026AB69650082BEE8 /* devanagari_sparse.png */,
				1BB7EC6F26AB69650082BEE8 /* japanese_sparse.png */,
				1BB7EC7126AB69660082BEE8 /* korean_sparse.png */,
				10224B702087E5A900A77316 /* grace_hopper.jpg */,
				7202DC6620D0C1A300034C35 /* barcode_128.png */,
				7202DC6720D0C1A300034C35 /* beach.jpg */,
				A4F89298243BB4BF00B58767 /* bird.jpg */,
				A4F89297243BB4BE00B58767 /* bird.tflite */,
				7202DC6520D0C1A300034C35 /* image_has_text.jpg */,
				7202DC6420D0C1A300034C35 /* qr_code.jpg */,
				1077670D210FBBB6007A19A7 /* liberty.jpg */,
			);
			name = Resources;
			sourceTree = "<group>";
		};
		56111F643EA10A8285CB5EC5 /* Pods */ = {
			isa = PBXGroup;
			children = (
				B81424B117714F4BCFA30E73 /* Pods-VisionExample.debug.xcconfig */,
				C15BD016A2B54C15AE3D655A /* Pods-VisionExample.release.xcconfig */,
				EF2042466DEC0917D8D0A440 /* Pods-VisionExampleObjC.debug.xcconfig */,
				B6267F5BABAADA8AB0DEE62C /* Pods-VisionExampleObjC.release.xcconfig */,
			);
			path = Pods;
			sourceTree = "<group>";
		};
		BB287B2C20729CE90069707A = {
			isa = PBXGroup;
			children = (
				1001E6FC20CF0C8F00445CB3 /* Assets.xcassets */,
				10224B642087E52600A77316 /* Resources */,
				BB287B3720729CE90069707A /* VisionExample */,
				BB287B3620729CE90069707A /* Products */,
				56111F643EA10A8285CB5EC5 /* Pods */,
				DC01F526E5EC13A579394B2C /* Frameworks */,
			);
			sourceTree = "<group>";
		};
		BB287B3620729CE90069707A /* Products */ = {
			isa = PBXGroup;
			children = (
				BB287B3520729CE90069707A /* VisionExample.app */,
			);
			name = Products;
			sourceTree = "<group>";
		};
		BB287B3720729CE90069707A /* VisionExample */ = {
			isa = PBXGroup;
			children = (
				BB287B3820729CE90069707A /* AppDelegate.swift */,
				10224B572087E43100A77316 /* ViewController.swift */,
				10224B5B2087E49F00A77316 /* MLKitExtensions.swift */,
				1001E6F620CEE0DD00445CB3 /* UIUtilities.swift */,
				1001E6F820CF021E00445CB3 /* CameraViewController.swift */,
				BB287B4A2072A0200069707A /* Supporting Files */,
				BB287B4420729CE90069707A /* Info.plist */,
			);
			path = VisionExample;
			sourceTree = "<group>";
		};
		BB287B4A2072A0200069707A /* Supporting Files */ = {
			isa = PBXGroup;
			children = (
				BB287B3C20729CE90069707A /* Main.storyboard */,
			);
			name = "Supporting Files";
			sourceTree = "<group>";
		};
		DC01F526E5EC13A579394B2C /* Frameworks */ = {
			isa = PBXGroup;
			children = (
				C25EAE90FFE27226E2CD7E4E /* Pods_VisionExample.framework */,
				7BBAC73D8CF58FB0400FE59B /* Pods_VisionExampleObjC.framework */,
			);
			name = Frameworks;
			sourceTree = "<group>";
		};
/* End PBXGroup section */

/* Begin PBXNativeTarget section */
		BB287B3420729CE90069707A /* VisionExample */ = {
			isa = PBXNativeTarget;
			buildConfigurationList = BB287B4720729CE90069707A /* Build configuration list for PBXNativeTarget "VisionExample" */;
			buildPhases = (
				3DA74B696F04B67F8056CA2D /* [CP] Check Pods Manifest.lock */,
				BB287B3120729CE90069707A /* Sources */,
				BB287B3220729CE90069707A /* Frameworks */,
				BB287B3320729CE90069707A /* Resources */,
				A944BBC57C2CD621BAE2519D /* [CP] Embed Pods Frameworks */,
				9757361276435549A2B28583 /* [CP] Copy Pods Resources */,
			);
			buildRules = (
			);
			dependencies = (
			);
			name = VisionExample;
			productName = "ml-kit-sampler";
			productReference = BB287B3520729CE90069707A /* VisionExample.app */;
			productType = "com.apple.product-type.application";
		};
/* End PBXNativeTarget section */

/* Begin PBXProject section */
		BB287B2D20729CE90069707A /* Project object */ = {
			isa = PBXProject;
			attributes = {
				LastSwiftUpdateCheck = 0930;
				LastUpgradeCheck = 0930;
				ORGANIZATIONNAME = "Google Inc.";
				TargetAttributes = {
					BB287B3420729CE90069707A = {
						CreatedOnToolsVersion = 9.2;
						LastSwiftMigration = 1020;
						ProvisioningStyle = Automatic;
					};
				};
			};
			buildConfigurationList = BB287B3020729CE90069707A /* Build configuration list for PBXProject "VisionExample" */;
			compatibilityVersion = "Xcode 8.0";
			developmentRegion = en;
			hasScannedForEncodings = 0;
			knownRegions = (
				en,
				Base,
			);
			mainGroup = BB287B2C20729CE90069707A;
			productRefGroup = BB287B3620729CE90069707A /* Products */;
			projectDirPath = "";
			projectRoot = "";
			targets = (
				BB287B3420729CE90069707A /* VisionExample */,
			);
		};
/* End PBXProject section */

/* Begin PBXResourcesBuildPhase section */
		BB287B3320729CE90069707A /* Resources */ = {
			isa = PBXResourcesBuildPhase;
			buildActionMask = 2147483647;
			files = (
				1BB7EC7226AB69660082BEE8 /* chinese_sparse.png in Resources */,
				10224B762087E5A900A77316 /* grace_hopper.jpg in Resources */,
				1BB7EC7426AB69660082BEE8 /* japanese_sparse.png in Resources */,
				7202DC6C20D0C1A300034C35 /* beach.jpg in Resources */,
				7202DC6920D0C1A300034C35 /* qr_code.jpg in Resources */,
				7202DC6B20D0C1A300034C35 /* barcode_128.png in Resources */,
				7202DC6A20D0C1A300034C35 /* image_has_text.jpg in Resources */,
				BB287B3E20729CE90069707A /* Main.storyboard in Resources */,
				1BB7EC7626AB69660082BEE8 /* devanagari_sparse.png in Resources */,
				A4F8929B243BB4BF00B58767 /* bird.jpg in Resources */,
				1001E6FD20CF0C8F00445CB3 /* Assets.xcassets in Resources */,
				1BB7EC7826AB69660082BEE8 /* korean_sparse.png in Resources */,
				A4F89299243BB4BF00B58767 /* bird.tflite in Resources */,
				1077670E210FBBB6007A19A7 /* liberty.jpg in Resources */,
			);
			runOnlyForDeploymentPostprocessing = 0;
		};
/* End PBXResourcesBuildPhase section */

/* Begin PBXShellScriptBuildPhase section */
		3DA74B696F04B67F8056CA2D /* [CP] Check Pods Manifest.lock */ = {
			isa = PBXShellScriptBuildPhase;
			buildActionMask = 2147483647;
			files = (
			);
			inputFileListPaths = (
			);
			inputPaths = (
				"${PODS_PODFILE_DIR_PATH}/Podfile.lock",
				"${PODS_ROOT}/Manifest.lock",
			);
			name = "[CP] Check Pods Manifest.lock";
			outputFileListPaths = (
			);
			outputPaths = (
				"$(DERIVED_FILE_DIR)/Pods-VisionExample-checkManifestLockResult.txt",
			);
			runOnlyForDeploymentPostprocessing = 0;
			shellPath = /bin/sh;
			shellScript = "diff \"${PODS_PODFILE_DIR_PATH}/Podfile.lock\" \"${PODS_ROOT}/Manifest.lock\" > /dev/null\nif [ $? != 0 ] ; then\n    # print error to STDERR\n    echo \"error: The sandbox is not in sync with the Podfile.lock. Run 'pod install' or update your CocoaPods installation.\" >&2\n    exit 1\nfi\n# This output is used by Xcode 'outputs' to avoid re-running this script phase.\necho \"SUCCESS\" > \"${SCRIPT_OUTPUT_FILE_0}\"\n";
			showEnvVarsInLog = 0;
		};
		9757361276435549A2B28583 /* [CP] Copy Pods Resources */ = {
			isa = PBXShellScriptBuildPhase;
			buildActionMask = 2147483647;
			files = (
			);
			inputPaths = (
				"${PODS_ROOT}/Target Support Files/Pods-VisionExample/Pods-VisionExample-resources.sh",
				"${PODS_CONFIGURATION_BUILD_DIR}/MLKitFaceDetection/GoogleMVFaceDetectorResources.bundle",
				"${PODS_CONFIGURATION_BUILD_DIR}/MLKitImageLabeling/MLKitImageLabelingResources.bundle",
				"${PODS_CONFIGURATION_BUILD_DIR}/MLKitObjectDetection/MLKitObjectDetectionResources.bundle",
				"${PODS_CONFIGURATION_BUILD_DIR}/MLKitObjectDetectionCommon/MLKitObjectDetectionCommonResources.bundle",
				"${PODS_CONFIGURATION_BUILD_DIR}/MLKitPoseDetection/MLKitPoseDetectionFastResources.bundle",
				"${PODS_CONFIGURATION_BUILD_DIR}/MLKitPoseDetectionAccurate/MLKitPoseDetectionAccurateResources.bundle",
				"${PODS_CONFIGURATION_BUILD_DIR}/MLKitPoseDetectionCommon/MLKitPoseDetectionCommonResources.bundle",
				"${PODS_CONFIGURATION_BUILD_DIR}/MLKitSegmentationCommon/MLKitSegmentationCommonResources.bundle",
				"${PODS_CONFIGURATION_BUILD_DIR}/MLKitSegmentationSelfie/MLKitSegmentationSelfieResources.bundle",
				"${PODS_CONFIGURATION_BUILD_DIR}/MLKitTextRecognition/LatinOCRResources.bundle",
				"${PODS_CONFIGURATION_BUILD_DIR}/MLKitTextRecognitionChinese/ChineseOCRResources.bundle",
				"${PODS_CONFIGURATION_BUILD_DIR}/MLKitTextRecognitionDevanagari/DevanagariOCRResources.bundle",
				"${PODS_CONFIGURATION_BUILD_DIR}/MLKitTextRecognitionJapanese/JapaneseOCRResources.bundle",
				"${PODS_CONFIGURATION_BUILD_DIR}/MLKitTextRecognitionKorean/KoreanOCRResources.bundle",
				"${PODS_CONFIGURATION_BUILD_DIR}/MLKitXenoCommon/MLKitXenoResources.bundle",
			);
			name = "[CP] Copy Pods Resources";
			outputPaths = (
				"${TARGET_BUILD_DIR}/${UNLOCALIZED_RESOURCES_FOLDER_PATH}/GoogleMVFaceDetectorResources.bundle",
				"${TARGET_BUILD_DIR}/${UNLOCALIZED_RESOURCES_FOLDER_PATH}/MLKitImageLabelingResources.bundle",
				"${TARGET_BUILD_DIR}/${UNLOCALIZED_RESOURCES_FOLDER_PATH}/MLKitObjectDetectionResources.bundle",
				"${TARGET_BUILD_DIR}/${UNLOCALIZED_RESOURCES_FOLDER_PATH}/MLKitObjectDetectionCommonResources.bundle",
				"${TARGET_BUILD_DIR}/${UNLOCALIZED_RESOURCES_FOLDER_PATH}/MLKitPoseDetectionFastResources.bundle",
				"${TARGET_BUILD_DIR}/${UNLOCALIZED_RESOURCES_FOLDER_PATH}/MLKitPoseDetectionAccurateResources.bundle",
				"${TARGET_BUILD_DIR}/${UNLOCALIZED_RESOURCES_FOLDER_PATH}/MLKitPoseDetectionCommonResources.bundle",
				"${TARGET_BUILD_DIR}/${UNLOCALIZED_RESOURCES_FOLDER_PATH}/MLKitSegmentationCommonResources.bundle",
				"${TARGET_BUILD_DIR}/${UNLOCALIZED_RESOURCES_FOLDER_PATH}/MLKitSegmentationSelfieResources.bundle",
				"${TARGET_BUILD_DIR}/${UNLOCALIZED_RESOURCES_FOLDER_PATH}/LatinOCRResources.bundle",
				"${TARGET_BUILD_DIR}/${UNLOCALIZED_RESOURCES_FOLDER_PATH}/ChineseOCRResources.bundle",
				"${TARGET_BUILD_DIR}/${UNLOCALIZED_RESOURCES_FOLDER_PATH}/DevanagariOCRResources.bundle",
				"${TARGET_BUILD_DIR}/${UNLOCALIZED_RESOURCES_FOLDER_PATH}/JapaneseOCRResources.bundle",
				"${TARGET_BUILD_DIR}/${UNLOCALIZED_RESOURCES_FOLDER_PATH}/KoreanOCRResources.bundle",
				"${TARGET_BUILD_DIR}/${UNLOCALIZED_RESOURCES_FOLDER_PATH}/MLKitXenoResources.bundle",
			);
			runOnlyForDeploymentPostprocessing = 0;
			shellPath = /bin/sh;
			shellScript = "\"${PODS_ROOT}/Target Support Files/Pods-VisionExample/Pods-VisionExample-resources.sh\"\n";
			showEnvVarsInLog = 0;
		};
		A944BBC57C2CD621BAE2519D /* [CP] Embed Pods Frameworks */ = {
			isa = PBXShellScriptBuildPhase;
			buildActionMask = 2147483647;
			files = (
			);
			inputPaths = (
				"${PODS_ROOT}/Target Support Files/Pods-VisionExample/Pods-VisionExample-frameworks.sh",
				"${BUILT_PRODUCTS_DIR}/GTMSessionFetcher/GTMSessionFetcher.framework",
				"${BUILT_PRODUCTS_DIR}/GoogleDataTransport/GoogleDataTransport.framework",
				"${BUILT_PRODUCTS_DIR}/GoogleToolboxForMac/GoogleToolboxForMac.framework",
				"${BUILT_PRODUCTS_DIR}/GoogleUtilities/GoogleUtilities.framework",
				"${BUILT_PRODUCTS_DIR}/PromisesObjC/FBLPromises.framework",
				"${BUILT_PRODUCTS_DIR}/Protobuf/Protobuf.framework",
				"${BUILT_PRODUCTS_DIR}/nanopb/nanopb.framework",
			);
			name = "[CP] Embed Pods Frameworks";
			outputPaths = (
				"${TARGET_BUILD_DIR}/${FRAMEWORKS_FOLDER_PATH}/GTMSessionFetcher.framework",
				"${TARGET_BUILD_DIR}/${FRAMEWORKS_FOLDER_PATH}/GoogleDataTransport.framework",
				"${TARGET_BUILD_DIR}/${FRAMEWORKS_FOLDER_PATH}/GoogleToolboxForMac.framework",
				"${TARGET_BUILD_DIR}/${FRAMEWORKS_FOLDER_PATH}/GoogleUtilities.framework",
				"${TARGET_BUILD_DIR}/${FRAMEWORKS_FOLDER_PATH}/FBLPromises.framework",
				"${TARGET_BUILD_DIR}/${FRAMEWORKS_FOLDER_PATH}/Protobuf.framework",
				"${TARGET_BUILD_DIR}/${FRAMEWORKS_FOLDER_PATH}/nanopb.framework",
			);
			runOnlyForDeploymentPostprocessing = 0;
			shellPath = /bin/sh;
			shellScript = "\"${PODS_ROOT}/Target Support Files/Pods-VisionExample/Pods-VisionExample-frameworks.sh\"\n";
			showEnvVarsInLog = 0;
		};
/* End PBXShellScriptBuildPhase section */

/* Begin PBXSourcesBuildPhase section */
		BB287B3120729CE90069707A /* Sources */ = {
			isa = PBXSourcesBuildPhase;
			buildActionMask = 2147483647;
			files = (
				10224B582087E43100A77316 /* ViewController.swift in Sources */,
				1001E6F920CF021E00445CB3 /* CameraViewController.swift in Sources */,
				BB287B3920729CE90069707A /* AppDelegate.swift in Sources */,
				4ADD356323BAC29A001277A7 /* MLKitExtensions.swift in Sources */,
				1001E6F720CEE0DD00445CB3 /* UIUtilities.swift in Sources */,
			);
			runOnlyForDeploymentPostprocessing = 0;
		};
/* End PBXSourcesBuildPhase section */

/* Begin PBXVariantGroup section */
		BB287B3C20729CE90069707A /* Main.storyboard */ = {
			isa = PBXVariantGroup;
			children = (
				BB287B3D20729CE90069707A /* Base */,
			);
			name = Main.storyboard;
			sourceTree = "<group>";
		};
/* End PBXVariantGroup section */

/* Begin XCBuildConfiguration section */
		BB287B4520729CE90069707A /* Debug */ = {
			isa = XCBuildConfiguration;
			buildSettings = {
				ALWAYS_SEARCH_USER_PATHS = NO;
				CLANG_ANALYZER_NONNULL = YES;
				CLANG_ANALYZER_NUMBER_OBJECT_CONVERSION = YES_AGGRESSIVE;
				CLANG_CXX_LANGUAGE_STANDARD = "gnu++14";
				CLANG_CXX_LIBRARY = "libc++";
				CLANG_ENABLE_MODULES = YES;
				CLANG_ENABLE_OBJC_ARC = YES;
				CLANG_WARN_BLOCK_CAPTURE_AUTORELEASING = YES;
				CLANG_WARN_BOOL_CONVERSION = YES;
				CLANG_WARN_COMMA = YES;
				CLANG_WARN_CONSTANT_CONVERSION = YES;
				CLANG_WARN_DEPRECATED_OBJC_IMPLEMENTATIONS = YES;
				CLANG_WARN_DIRECT_OBJC_ISA_USAGE = YES_ERROR;
				CLANG_WARN_DOCUMENTATION_COMMENTS = YES;
				CLANG_WARN_EMPTY_BODY = YES;
				CLANG_WARN_ENUM_CONVERSION = YES;
				CLANG_WARN_INFINITE_RECURSION = YES;
				CLANG_WARN_INT_CONVERSION = YES;
				CLANG_WARN_NON_LITERAL_NULL_CONVERSION = YES;
				CLANG_WARN_OBJC_IMPLICIT_RETAIN_SELF = YES;
				CLANG_WARN_OBJC_LITERAL_CONVERSION = YES;
				CLANG_WARN_OBJC_ROOT_CLASS = YES_ERROR;
				CLANG_WARN_RANGE_LOOP_ANALYSIS = YES;
				CLANG_WARN_STRICT_PROTOTYPES = YES;
				CLANG_WARN_SUSPICIOUS_MOVE = YES;
				CLANG_WARN_UNGUARDED_AVAILABILITY = YES_AGGRESSIVE;
				CLANG_WARN_UNREACHABLE_CODE = YES;
				CLANG_WARN__DUPLICATE_METHOD_MATCH = YES;
				CODE_SIGN_IDENTITY = "Apple Development";
				COPY_PHASE_STRIP = NO;
				DEBUG_INFORMATION_FORMAT = dwarf;
				ENABLE_STRICT_OBJC_MSGSEND = YES;
				ENABLE_TESTABILITY = YES;
				GCC_C_LANGUAGE_STANDARD = gnu11;
				GCC_DYNAMIC_NO_PIC = NO;
				GCC_NO_COMMON_BLOCKS = YES;
				GCC_OPTIMIZATION_LEVEL = 0;
				GCC_PREPROCESSOR_DEFINITIONS = (
					"DEBUG=1",
					"$(inherited)",
				);
				GCC_WARN_64_TO_32_BIT_CONVERSION = YES;
				GCC_WARN_ABOUT_RETURN_TYPE = YES_ERROR;
				GCC_WARN_UNDECLARED_SELECTOR = YES;
				GCC_WARN_UNINITIALIZED_AUTOS = YES_AGGRESSIVE;
				GCC_WARN_UNUSED_FUNCTION = YES;
				GCC_WARN_UNUSED_VARIABLE = YES;
				IPHONEOS_DEPLOYMENT_TARGET = 11.2;
				MTL_ENABLE_DEBUG_INFO = YES;
				ONLY_ACTIVE_ARCH = YES;
				SDKROOT = iphoneos;
				SWIFT_ACTIVE_COMPILATION_CONDITIONS = DEBUG;
				SWIFT_OPTIMIZATION_LEVEL = "-Onone";
				VALID_ARCHS = "x86_64 arm64 arm64e";
			};
			name = Debug;
		};
		BB287B4620729CE90069707A /* Release */ = {
			isa = XCBuildConfiguration;
			buildSettings = {
				ALWAYS_SEARCH_USER_PATHS = NO;
				CLANG_ANALYZER_NONNULL = YES;
				CLANG_ANALYZER_NUMBER_OBJECT_CONVERSION = YES_AGGRESSIVE;
				CLANG_CXX_LANGUAGE_STANDARD = "gnu++14";
				CLANG_CXX_LIBRARY = "libc++";
				CLANG_ENABLE_MODULES = YES;
				CLANG_ENABLE_OBJC_ARC = YES;
				CLANG_WARN_BLOCK_CAPTURE_AUTORELEASING = YES;
				CLANG_WARN_BOOL_CONVERSION = YES;
				CLANG_WARN_COMMA = YES;
				CLANG_WARN_CONSTANT_CONVERSION = YES;
				CLANG_WARN_DEPRECATED_OBJC_IMPLEMENTATIONS = YES;
				CLANG_WARN_DIRECT_OBJC_ISA_USAGE = YES_ERROR;
				CLANG_WARN_DOCUMENTATION_COMMENTS = YES;
				CLANG_WARN_EMPTY_BODY = YES;
				CLANG_WARN_ENUM_CONVERSION = YES;
				CLANG_WARN_INFINITE_RECURSION = YES;
				CLANG_WARN_INT_CONVERSION = YES;
				CLANG_WARN_NON_LITERAL_NULL_CONVERSION = YES;
				CLANG_WARN_OBJC_IMPLICIT_RETAIN_SELF = YES;
				CLANG_WARN_OBJC_LITERAL_CONVERSION = YES;
				CLANG_WARN_OBJC_ROOT_CLASS = YES_ERROR;
				CLANG_WARN_RANGE_LOOP_ANALYSIS = YES;
				CLANG_WARN_STRICT_PROTOTYPES = YES;
				CLANG_WARN_SUSPICIOUS_MOVE = YES;
				CLANG_WARN_UNGUARDED_AVAILABILITY = YES_AGGRESSIVE;
				CLANG_WARN_UNREACHABLE_CODE = YES;
				CLANG_WARN__DUPLICATE_METHOD_MATCH = YES;
				CODE_SIGN_IDENTITY = "Apple Development";
				COPY_PHASE_STRIP = NO;
				DEBUG_INFORMATION_FORMAT = "dwarf-with-dsym";
				ENABLE_NS_ASSERTIONS = NO;
				ENABLE_STRICT_OBJC_MSGSEND = YES;
				GCC_C_LANGUAGE_STANDARD = gnu11;
				GCC_NO_COMMON_BLOCKS = YES;
				GCC_WARN_64_TO_32_BIT_CONVERSION = YES;
				GCC_WARN_ABOUT_RETURN_TYPE = YES_ERROR;
				GCC_WARN_UNDECLARED_SELECTOR = YES;
				GCC_WARN_UNINITIALIZED_AUTOS = YES_AGGRESSIVE;
				GCC_WARN_UNUSED_FUNCTION = YES;
				GCC_WARN_UNUSED_VARIABLE = YES;
				IPHONEOS_DEPLOYMENT_TARGET = 11.2;
				MTL_ENABLE_DEBUG_INFO = NO;
				SDKROOT = iphoneos;
				SWIFT_OPTIMIZATION_LEVEL = "-Owholemodule";
				VALIDATE_PRODUCT = YES;
				VALID_ARCHS = "x86_64 arm64 arm64e";
			};
			name = Release;
		};
		BB287B4820729CE90069707A /* Debug */ = {
			isa = XCBuildConfiguration;
			baseConfigurationReference = B81424B117714F4BCFA30E73 /* Pods-VisionExample.debug.xcconfig */;
			buildSettings = {
				CODE_SIGN_IDENTITY = "Apple Development";
				CODE_SIGN_STYLE = Automatic;
				DEVELOPMENT_TEAM = 5P5X682HUA;
				ENABLE_BITCODE = NO;
				INFOPLIST_FILE = "$(SRCROOT)/VisionExample/Info.plist";
				LD_RUNPATH_SEARCH_PATHS = "$(inherited) @executable_path/Frameworks";
				PRODUCT_BUNDLE_IDENTIFIER = com.google.mlkit.quickstart.VisionExample;
				PRODUCT_NAME = "$(TARGET_NAME)";
				PROVISIONING_PROFILE = "";
				PROVISIONING_PROFILE_SPECIFIER = "";
				SWIFT_VERSION = 5.0;
				TARGETED_DEVICE_FAMILY = "1,2";
				VALID_ARCHS = "x86_64 arm64 arm64e";
			};
			name = Debug;
		};
		BB287B4920729CE90069707A /* Release */ = {
			isa = XCBuildConfiguration;
			baseConfigurationReference = C15BD016A2B54C15AE3D655A /* Pods-VisionExample.release.xcconfig */;
			buildSettings = {
				CODE_SIGN_IDENTITY = "Apple Development";
				CODE_SIGN_STYLE = Automatic;
				DEVELOPMENT_TEAM = 5P5X682HUA;
				ENABLE_BITCODE = NO;
				INFOPLIST_FILE = "$(SRCROOT)/VisionExample/Info.plist";
				LD_RUNPATH_SEARCH_PATHS = "$(inherited) @executable_path/Frameworks";
				PRODUCT_BUNDLE_IDENTIFIER = com.google.mlkit.quickstart.VisionExample;
				PRODUCT_NAME = "$(TARGET_NAME)";
				PROVISIONING_PROFILE = "";
				PROVISIONING_PROFILE_SPECIFIER = "";
				SWIFT_VERSION = 5.0;
				TARGETED_DEVICE_FAMILY = "1,2";
				VALID_ARCHS = "x86_64 arm64 arm64e";
			};
			name = Release;
		};
/* End XCBuildConfiguration section */

/* Begin XCConfigurationList section */
		BB287B3020729CE90069707A /* Build configuration list for PBXProject "VisionExample" */ = {
			isa = XCConfigurationList;
			buildConfigurations = (
				BB287B4520729CE90069707A /* Debug */,
				BB287B4620729CE90069707A /* Release */,
			);
			defaultConfigurationIsVisible = 0;
			defaultConfigurationName = Release;
		};
		BB287B4720729CE90069707A /* Build configuration list for PBXNativeTarget "VisionExample" */ = {
			isa = XCConfigurationList;
			buildConfigurations = (
				BB287B4820729CE90069707A /* Debug */,
				BB287B4920729CE90069707A /* Release */,
			);
			defaultConfigurationIsVisible = 0;
			defaultConfigurationName = Release;
		};
/* End XCConfigurationList section */
	};
	rootObject = BB287B2D20729CE90069707A /* Project object */;
}
